
Microsoft Visual Studio Solution File, Format Version 12.00
# Visual Studio Version 17
VisualStudioVersion = 17.9.34728.123
MinimumVisualStudioVersion = 10.0.40219.1
Project("{FAE04EC0-301F-11D3-BF4B-00C04F79EFBC}") = "HelloRealWorld", "HelloRealWorld\HelloRealWorld.csproj", "{E014E81F-6271-42D9-B8B8-6C0DED7D5A80}"
EndProject
Global
	GlobalSection(SolutionConfigurationPlatforms) = preSolution
		Debug|Any CPU = Debug|Any CPU
		Release|Any CPU = Release|Any CPU
	EndGlobalSection
	GlobalSection(ProjectConfigurationPlatforms) = postSolution
		{E014E81F-6271-42D9-B8B8-6C0DED7D5A80}.Debug|Any CPU.ActiveCfg = Debug|Any CPU
		{E014E81F-6271-42D9-B8B8-6C0DED7D5A80}.Debug|Any CPU.Build.0 = Debug|Any CPU
		{E014E81F-6271-42D9-B8B8-6C0DED7D5A80}.Release|Any CPU.ActiveCfg = Release|Any CPU
		{E014E81F-6271-42D9-B8B8-6C0DED7D5A80}.Release|Any CPU.Build.0 = Release|Any CPU
	EndGlobalSection
	GlobalSection(SolutionProperties) = preSolution
		HideSolutionNode = FALSE
	EndGlobalSection
	GlobalSection(ExtensibilityGlobals) = postSolution
		SolutionGuid = {D25827AE-3452-4CB6-8564-179BCACD2925}
	EndGlobalSection
EndGlobal
